
Microsoft Visual Studio Solution File, Format Version 12.00
# Visual Studio Version 16
VisualStudioVersion = 16.0.31402.337
MinimumVisualStudioVersion = 10.0.40219.1
Project("{9A19103F-16F7-4668-BE54-9A1E7A4F7556}") = "Tests", "Tests\Tests.csproj", "{DC99CA5A-55A3-4859-9CF2-C5D4FE7E218E}"
EndProject
Project("{FAE04EC0-301F-11D3-BF4B-00C04F79EFBC}") = "Barycentric", "barycentric\Barycentric.csproj", "{0C86B502-C345-484A-BEBA-F094E0711170}"
EndProject
Global
	GlobalSection(SolutionConfigurationPlatforms) = preSolution
		Debug|Any CPU = Debug|Any CPU
		Release|Any CPU = Release|Any CPU
	EndGlobalSection
	GlobalSection(ProjectConfigurationPlatforms) = postSolution
		{DC99CA5A-55A3-4859-9CF2-C5D4FE7E218E}.Debug|Any CPU.ActiveCfg = Debug|Any CPU
		{DC99CA5A-55A3-4859-9CF2-C5D4FE7E218E}.Debug|Any CPU.Build.0 = Debug|Any CPU
		{DC99CA5A-55A3-4859-9CF2-C5D4FE7E218E}.Release|Any CPU.ActiveCfg = Release|Any CPU
		{DC99CA5A-55A3-4859-9CF2-C5D4FE7E218E}.Release|Any CPU.Build.0 = Release|Any CPU
		{0C86B502-C345-484A-BEBA-F094E0711170}.Debug|Any CPU.ActiveCfg = Debug|Any CPU
		{0C86B502-C345-484A-BEBA-F094E0711170}.Debug|Any CPU.Build.0 = Debug|Any CPU
		{0C86B502-C345-484A-BEBA-F094E0711170}.Release|Any CPU.ActiveCfg = Release|Any CPU
		{0C86B502-C345-484A-BEBA-F094E0711170}.Release|Any CPU.Build.0 = Release|Any CPU
	EndGlobalSection
	GlobalSection(SolutionProperties) = preSolution
		HideSolutionNode = FALSE
	EndGlobalSection
	GlobalSection(ExtensibilityGlobals) = postSolution
		SolutionGuid = {D255A4D9-C092-4CE0-9A18-A12B7CC10587}
	EndGlobalSection
EndGlobal
